# THIS IS AN AUTOGENERATED FILE. DO NOT EDIT THIS FILE DIRECTLY.
# yarn lockfile v1


"d3-color@1 - 3":
  version "3.1.0"
  resolved "https://registry.yarnpkg.com/d3-color/-/d3-color-3.1.0.tgz#395b2833dfac71507f12ac2f7af23bf819de24e2"
  integrity sha512-zg/chbXyeBtMQ1LbD/WSoW2DpC3I0mpmPdW+ynRTj/x2DAWYrIY7qeZIHidozwV24m4iavr15lNwIwLxRmOxhA==

d3-interpolate@3.0.0:
  version "3.0.0"
  resolved "https://registry.yarnpkg.com/d3-interpolate/-/d3-interpolate-3.0.0.tgz#e824a09b2c9deb3e19c97e6ef1ec9b900115410b"
  integrity sha512-dMVXB7Zpo5ZQbyjxXIhfxBQB9hcOjKaX804DHP7TpX8rMI7lu1HawG8jBrXIXB1DQAYAQRTDugZIlQTAKkSfLw==
  dependencies:
    d3-color "1 - 3"
