# THIS IS AN AUTOGENERATED FILE. DO NOT EDIT THIS FILE DIRECTLY.
# yarn lockfile v1


"@servicestack/client@1.1.21":
  version "1.1.21"
  resolved "https://registry.yarnpkg.com/@servicestack/client/-/client-1.1.21.tgz#95ea9450addcb585313c9a5e54f2e661b6823bc7"
  integrity sha512-Wchs2fzKZGtgwoTqyjwcCP6Hf6kmcwpeo0F/J3ZPldrN8JrCD/mWEO8Eh7M0IwQZjQ0eUH8xTWCfc5m3i9+c+Q==
  dependencies:
    cross-fetch "^3.1.4"
    es6-shim "^0.35.6"
    eventsource "^1.1.0"

cross-fetch@^3.1.4:
  version "3.1.5"
  resolved "https://registry.yarnpkg.com/cross-fetch/-/cross-fetch-3.1.5.tgz#e1389f44d9e7ba767907f7af8454787952ab534f"
  integrity sha512-lvb1SBsI0Z7GDwmuid+mU3kWVBwTVUbe7S0H52yaaAdQOXq2YktTCZdlAcNKFzE6QtRz0snpw9bNiPeOIkkQvw==
  dependencies:
    node-fetch "2.6.7"

d3-color@1:
  version "1.4.1"
  resolved "https://registry.yarnpkg.com/d3-color/-/d3-color-1.4.1.tgz#c52002bf8846ada4424d55d97982fef26eb3bc8a"
  integrity sha512-p2sTHSLCJI2QKunbGb7ocOh7DgTAn8IrLx21QRc/BSnodXM4sv6aLQlnfpvehFMLZEfBc6g9pH9SWQccFYfJ9Q==

d3-interpolate@1.4.0:
  version "1.4.0"
  resolved "https://registry.yarnpkg.com/d3-interpolate/-/d3-interpolate-1.4.0.tgz#526e79e2d80daa383f9e0c1c1c7dcc0f0583e987"
  integrity sha512-V9znK0zc3jOPV4VD2zZn0sDhZU3WAE2bmlxdIwwQPPzPjvyLkd8B3JUVdS1IDUFDkWZ72c9qnv1GK2ZagTZ8EA==
  dependencies:
    d3-color "1"

es6-shim@^0.35.6:
  version "0.35.6"
  resolved "https://registry.yarnpkg.com/es6-shim/-/es6-shim-0.35.6.tgz#d10578301a83af2de58b9eadb7c2c9945f7388a0"
  integrity sha512-EmTr31wppcaIAgblChZiuN/l9Y7DPyw8Xtbg7fIVngn6zMW+IEBJDJngeKC3x6wr0V/vcA2wqeFnaw1bFJbDdA==

eventsource@^1.1.0:
  version "1.1.2"
  resolved "https://registry.yarnpkg.com/eventsource/-/eventsource-1.1.2.tgz#bc75ae1c60209e7cb1541231980460343eaea7c2"
  integrity sha512-xAH3zWhgO2/3KIniEKYPr8plNSzlGINOUqYj0m0u7AB81iRw8b/3E73W6AuU+6klLbaSFmZnaETQ2lXPfAydrA==

node-fetch@2.6.7:
  version "2.6.7"
  resolved "https://registry.yarnpkg.com/node-fetch/-/node-fetch-2.6.7.tgz#24de9fba827e3b4ae44dc8b20256a379160052ad"
  integrity sha512-ZjMPFEfVx5j+y2yF35Kzx5sF7kDzxuDj6ziH4FFbOp87zKDZNx8yExJIb05OGF4Nlt9IHFIMBkRl41VdvcNdbQ==
  dependencies:
    whatwg-url "^5.0.0"

tr46@~0.0.3:
  version "0.0.3"
  resolved "https://registry.yarnpkg.com/tr46/-/tr46-0.0.3.tgz#8184fd347dac9cdc185992f3a6622e14b9d9ab6a"
  integrity sha512-N3WMsuqV66lT30CrXNbEjx4GEwlow3v6rr4mCcv6prnfwhS01rkgyFdjPNBYd9br7LpXV1+Emh01fHnq2Gdgrw==

webidl-conversions@^3.0.0:
  version "3.0.1"
  resolved "https://registry.yarnpkg.com/webidl-conversions/-/webidl-conversions-3.0.1.tgz#24534275e2a7bc6be7bc86611cc16ae0a5654871"
  integrity sha512-2JAn3z8AR6rjK8Sm8orRC0h/bcl/DqL7tRPdGZ4I1CjdF+EaMLmYxBHyXuKL849eucPFhvBoxMsflfOb8kxaeQ==

whatwg-url@^5.0.0:
  version "5.0.0"
  resolved "https://registry.yarnpkg.com/whatwg-url/-/whatwg-url-5.0.0.tgz#966454e8765462e37644d3626f6742ce8b70965d"
  integrity sha512-saE57nupxk6v3HY35+jzBwYa0rKSy0XR8JSxZPwgLr7ys0IBzhGviA1/TUGJLmSVqs8pb9AnvICXEuOHLprYTw==
  dependencies:
    tr46 "~0.0.3"
    webidl-conversions "^3.0.0"
